
Microsoft Visual Studio Solution File, Format Version 12.00
# Visual Studio Version 17
VisualStudioVersion = 17.4.33205.214
MinimumVisualStudioVersion = 10.0.40219.1
Project("{FAE04EC0-301F-11D3-BF4B-00C04F79EFBC}") = "BloodDonorManagementSystem", "BloodDonorManagementSystem.csproj", "{D2F3899C-ED54-4B91-AD64-2EAA9C4D96AD}"
EndProject
Global
	GlobalSection(SolutionConfigurationPlatforms) = preSolution
		Debug|Any CPU = Debug|Any CPU
		Release|Any CPU = Release|Any CPU
	EndGlobalSection
	GlobalSection(ProjectConfigurationPlatforms) = postSolution
		{D2F3899C-ED54-4B91-AD64-2EAA9C4D96AD}.Debug|Any CPU.ActiveCfg = Debug|Any CPU
		{D2F3899C-ED54-4B91-AD64-2EAA9C4D96AD}.Debug|Any CPU.Build.0 = Debug|Any CPU
		{D2F3899C-ED54-4B91-AD64-2EAA9C4D96AD}.Release|Any CPU.ActiveCfg = Release|Any CPU
		{D2F3899C-ED54-4B91-AD64-2EAA9C4D96AD}.Release|Any CPU.Build.0 = Release|Any CPU
	EndGlobalSection
	GlobalSection(SolutionProperties) = preSolution
		HideSolutionNode = FALSE
	EndGlobalSection
	GlobalSection(ExtensibilityGlobals) = postSolution
		SolutionGuid = {3AFC0558-E453-4CBD-92C1-EAA4E20C3563}
	EndGlobalSection
EndGlobal
