
Microsoft Visual Studio Solution File, Format Version 12.00
# Visual Studio Version 17
VisualStudioVersion = 17.2.32616.157
MinimumVisualStudioVersion = 10.0.40219.1
Project("{9A19103F-16F7-4668-BE54-9A1E7A4F7556}") = "Properties", "Properties\Properties.csproj", "{40566601-62B1-4CEF-B66F-9084D4F9B1B1}"
EndProject
Project("{9A19103F-16F7-4668-BE54-9A1E7A4F7556}") = "ConstructorsAndObjectinitializers", "ConstructorsAndObjectinitializers\ConstructorsAndObjectinitializers.csproj", "{D3151893-B2D6-4CB4-83B4-AD7419D4568A}"
EndProject
Project("{FAE04EC0-301F-11D3-BF4B-00C04F79EFBC}") = "StaticMembers", "StaticMembers\StaticMembers.csproj", "{E6296A9A-D4AC-477B-8C36-3565FE48B7E4}"
EndProject
Project("{FAE04EC0-301F-11D3-BF4B-00C04F79EFBC}") = "InheritanceExamples", "InheritanceExamples\InheritanceExamples.csproj", "{6577AF3D-20F6-4FFC-B179-D30C00E45387}"
EndProject
Project("{FAE04EC0-301F-11D3-BF4B-00C04F79EFBC}") = "TestAccessSpecifiers", "TestAccessSpecifiers\TestAccessSpecifiers.csproj", "{D712EEF0-A8A6-4DDE-8882-2466814B1947}"
EndProject
Global
	GlobalSection(SolutionConfigurationPlatforms) = preSolution
		Debug|Any CPU = Debug|Any CPU
		Release|Any CPU = Release|Any CPU
	EndGlobalSection
	GlobalSection(ProjectConfigurationPlatforms) = postSolution
		{40566601-62B1-4CEF-B66F-9084D4F9B1B1}.Debug|Any CPU.ActiveCfg = Debug|Any CPU
		{40566601-62B1-4CEF-B66F-9084D4F9B1B1}.Debug|Any CPU.Build.0 = Debug|Any CPU
		{40566601-62B1-4CEF-B66F-9084D4F9B1B1}.Release|Any CPU.ActiveCfg = Release|Any CPU
		{40566601-62B1-4CEF-B66F-9084D4F9B1B1}.Release|Any CPU.Build.0 = Release|Any CPU
		{D3151893-B2D6-4CB4-83B4-AD7419D4568A}.Debug|Any CPU.ActiveCfg = Debug|Any CPU
		{D3151893-B2D6-4CB4-83B4-AD7419D4568A}.Debug|Any CPU.Build.0 = Debug|Any CPU
		{D3151893-B2D6-4CB4-83B4-AD7419D4568A}.Release|Any CPU.ActiveCfg = Release|Any CPU
		{D3151893-B2D6-4CB4-83B4-AD7419D4568A}.Release|Any CPU.Build.0 = Release|Any CPU
		{E6296A9A-D4AC-477B-8C36-3565FE48B7E4}.Debug|Any CPU.ActiveCfg = Debug|Any CPU
		{E6296A9A-D4AC-477B-8C36-3565FE48B7E4}.Debug|Any CPU.Build.0 = Debug|Any CPU
		{E6296A9A-D4AC-477B-8C36-3565FE48B7E4}.Release|Any CPU.ActiveCfg = Release|Any CPU
		{E6296A9A-D4AC-477B-8C36-3565FE48B7E4}.Release|Any CPU.Build.0 = Release|Any CPU
		{6577AF3D-20F6-4FFC-B179-D30C00E45387}.Debug|Any CPU.ActiveCfg = Debug|Any CPU
		{6577AF3D-20F6-4FFC-B179-D30C00E45387}.Debug|Any CPU.Build.0 = Debug|Any CPU
		{6577AF3D-20F6-4FFC-B179-D30C00E45387}.Release|Any CPU.ActiveCfg = Release|Any CPU
		{6577AF3D-20F6-4FFC-B179-D30C00E45387}.Release|Any CPU.Build.0 = Release|Any CPU
		{D712EEF0-A8A6-4DDE-8882-2466814B1947}.Debug|Any CPU.ActiveCfg = Debug|Any CPU
		{D712EEF0-A8A6-4DDE-8882-2466814B1947}.Debug|Any CPU.Build.0 = Debug|Any CPU
		{D712EEF0-A8A6-4DDE-8882-2466814B1947}.Release|Any CPU.ActiveCfg = Release|Any CPU
		{D712EEF0-A8A6-4DDE-8882-2466814B1947}.Release|Any CPU.Build.0 = Release|Any CPU
	EndGlobalSection
	GlobalSection(SolutionProperties) = preSolution
		HideSolutionNode = FALSE
	EndGlobalSection
	GlobalSection(ExtensibilityGlobals) = postSolution
		SolutionGuid = {82E1A2B9-8D16-48A1-81F0-99A0F0D407B2}
	EndGlobalSection
EndGlobal
