
Microsoft Visual Studio Solution File, Format Version 12.00
# Visual Studio Version 17
VisualStudioVersion = 17.2.32616.157
MinimumVisualStudioVersion = 10.0.40219.1
Project("{9A19103F-16F7-4668-BE54-9A1E7A4F7556}") = "Arrays", "Arrays\Arrays.csproj", "{19CDADF1-A51B-4D31-BA6B-E7A57271DD14}"
EndProject
Project("{FAE04EC0-301F-11D3-BF4B-00C04F79EFBC}") = "IDisposableExample", "IDisposableExample\IDisposableExample.csproj", "{EA552BF9-C9F3-483F-8245-AC82437623B9}"
EndProject
Global
	GlobalSection(SolutionConfigurationPlatforms) = preSolution
		Debug|Any CPU = Debug|Any CPU
		Release|Any CPU = Release|Any CPU
	EndGlobalSection
	GlobalSection(ProjectConfigurationPlatforms) = postSolution
		{19CDADF1-A51B-4D31-BA6B-E7A57271DD14}.Debug|Any CPU.ActiveCfg = Debug|Any CPU
		{19CDADF1-A51B-4D31-BA6B-E7A57271DD14}.Debug|Any CPU.Build.0 = Debug|Any CPU
		{19CDADF1-A51B-4D31-BA6B-E7A57271DD14}.Release|Any CPU.ActiveCfg = Release|Any CPU
		{19CDADF1-A51B-4D31-BA6B-E7A57271DD14}.Release|Any CPU.Build.0 = Release|Any CPU
		{EA552BF9-C9F3-483F-8245-AC82437623B9}.Debug|Any CPU.ActiveCfg = Debug|Any CPU
		{EA552BF9-C9F3-483F-8245-AC82437623B9}.Debug|Any CPU.Build.0 = Debug|Any CPU
		{EA552BF9-C9F3-483F-8245-AC82437623B9}.Release|Any CPU.ActiveCfg = Release|Any CPU
		{EA552BF9-C9F3-483F-8245-AC82437623B9}.Release|Any CPU.Build.0 = Release|Any CPU
	EndGlobalSection
	GlobalSection(SolutionProperties) = preSolution
		HideSolutionNode = FALSE
	EndGlobalSection
	GlobalSection(ExtensibilityGlobals) = postSolution
		SolutionGuid = {9E43372B-199C-465C-BC27-4C6979683DEB}
	EndGlobalSection
EndGlobal
