
Microsoft Visual Studio Solution File, Format Version 12.00
# Visual Studio Version 17
VisualStudioVersion = 17.4.33205.214
MinimumVisualStudioVersion = 10.0.40219.1
Project("{FAE04EC0-301F-11D3-BF4B-00C04F79EFBC}") = "AnonymousMethod_LambdaExp", "AnonymousMethod_LambdaExp.csproj", "{7F893294-EDEF-49DC-BBE1-81363EB6F57C}"
EndProject
Global
	GlobalSection(SolutionConfigurationPlatforms) = preSolution
		Debug|Any CPU = Debug|Any CPU
		Release|Any CPU = Release|Any CPU
	EndGlobalSection
	GlobalSection(ProjectConfigurationPlatforms) = postSolution
		{7F893294-EDEF-49DC-BBE1-81363EB6F57C}.Debug|Any CPU.ActiveCfg = Debug|Any CPU
		{7F893294-EDEF-49DC-BBE1-81363EB6F57C}.Debug|Any CPU.Build.0 = Debug|Any CPU
		{7F893294-EDEF-49DC-BBE1-81363EB6F57C}.Release|Any CPU.ActiveCfg = Release|Any CPU
		{7F893294-EDEF-49DC-BBE1-81363EB6F57C}.Release|Any CPU.Build.0 = Release|Any CPU
	EndGlobalSection
	GlobalSection(SolutionProperties) = preSolution
		HideSolutionNode = FALSE
	EndGlobalSection
	GlobalSection(ExtensibilityGlobals) = postSolution
		SolutionGuid = {EF8D0282-B321-4859-AD7F-BE9B0A4F154B}
	EndGlobalSection
EndGlobal
