
Microsoft Visual Studio Solution File, Format Version 12.00
# Visual Studio Version 17
VisualStudioVersion = 17.2.32616.157
MinimumVisualStudioVersion = 10.0.40219.1
Project("{FAE04EC0-301F-11D3-BF4B-00C04F79EFBC}") = "SerializationWithCore", "SerializationWithCore\SerializationWithCore.csproj", "{26086A79-AB81-4A2A-82D5-8BABD0843CF9}"
EndProject
Project("{FAE04EC0-301F-11D3-BF4B-00C04F79EFBC}") = "ReflectionExample1", "ReflectionExample1\ReflectionExample1.csproj", "{6756B1F0-8AFD-44B6-A0BB-516E512A403E}"
EndProject
Global
	GlobalSection(SolutionConfigurationPlatforms) = preSolution
		Debug|Any CPU = Debug|Any CPU
		Release|Any CPU = Release|Any CPU
	EndGlobalSection
	GlobalSection(ProjectConfigurationPlatforms) = postSolution
		{26086A79-AB81-4A2A-82D5-8BABD0843CF9}.Debug|Any CPU.ActiveCfg = Debug|Any CPU
		{26086A79-AB81-4A2A-82D5-8BABD0843CF9}.Debug|Any CPU.Build.0 = Debug|Any CPU
		{26086A79-AB81-4A2A-82D5-8BABD0843CF9}.Release|Any CPU.ActiveCfg = Release|Any CPU
		{26086A79-AB81-4A2A-82D5-8BABD0843CF9}.Release|Any CPU.Build.0 = Release|Any CPU
		{6756B1F0-8AFD-44B6-A0BB-516E512A403E}.Debug|Any CPU.ActiveCfg = Debug|Any CPU
		{6756B1F0-8AFD-44B6-A0BB-516E512A403E}.Debug|Any CPU.Build.0 = Debug|Any CPU
		{6756B1F0-8AFD-44B6-A0BB-516E512A403E}.Release|Any CPU.ActiveCfg = Release|Any CPU
		{6756B1F0-8AFD-44B6-A0BB-516E512A403E}.Release|Any CPU.Build.0 = Release|Any CPU
	EndGlobalSection
	GlobalSection(SolutionProperties) = preSolution
		HideSolutionNode = FALSE
	EndGlobalSection
	GlobalSection(ExtensibilityGlobals) = postSolution
		SolutionGuid = {5101ED03-7857-4EE0-95E6-5BD596283CC7}
	EndGlobalSection
EndGlobal
