
Microsoft Visual Studio Solution File, Format Version 12.00
# Visual Studio Version 17
VisualStudioVersion = 17.4.33205.214
MinimumVisualStudioVersion = 10.0.40219.1
Project("{FAE04EC0-301F-11D3-BF4B-00C04F79EFBC}") = "EventHandling", "EventHandling.csproj", "{001AD542-4DD6-4CDB-AE86-F78A66962C6A}"
EndProject
Global
	GlobalSection(SolutionConfigurationPlatforms) = preSolution
		Debug|Any CPU = Debug|Any CPU
		Release|Any CPU = Release|Any CPU
	EndGlobalSection
	GlobalSection(ProjectConfigurationPlatforms) = postSolution
		{001AD542-4DD6-4CDB-AE86-F78A66962C6A}.Debug|Any CPU.ActiveCfg = Debug|Any CPU
		{001AD542-4DD6-4CDB-AE86-F78A66962C6A}.Debug|Any CPU.Build.0 = Debug|Any CPU
		{001AD542-4DD6-4CDB-AE86-F78A66962C6A}.Release|Any CPU.ActiveCfg = Release|Any CPU
		{001AD542-4DD6-4CDB-AE86-F78A66962C6A}.Release|Any CPU.Build.0 = Release|Any CPU
	EndGlobalSection
	GlobalSection(SolutionProperties) = preSolution
		HideSolutionNode = FALSE
	EndGlobalSection
	GlobalSection(ExtensibilityGlobals) = postSolution
		SolutionGuid = {B241EDD8-8308-4DA7-A829-950AE75D72E3}
	EndGlobalSection
EndGlobal
