
Microsoft Visual Studio Solution File, Format Version 12.00
# Visual Studio Version 17
VisualStudioVersion = 17.4.33205.214
MinimumVisualStudioVersion = 10.0.40219.1
Project("{9A19103F-16F7-4668-BE54-9A1E7A4F7556}") = "Employee1", "Employee1.csproj", "{9C9FC5E4-A11C-4168-B0A4-E6FB7FED6B07}"
EndProject
Project("{9A19103F-16F7-4668-BE54-9A1E7A4F7556}") = "Employee2", "..\Employee2\Employee2.csproj", "{AB6221A5-9C81-4A97-AB27-A7B4660D48E6}"
EndProject
Project("{FAE04EC0-301F-11D3-BF4B-00C04F79EFBC}") = "EmployeeInterface3", "..\EmployeeInterface3\EmployeeInterface3.csproj", "{A756D23D-718B-4261-97DF-77C3484D6743}"
EndProject
Global
	GlobalSection(SolutionConfigurationPlatforms) = preSolution
		Debug|Any CPU = Debug|Any CPU
		Release|Any CPU = Release|Any CPU
	EndGlobalSection
	GlobalSection(ProjectConfigurationPlatforms) = postSolution
		{9C9FC5E4-A11C-4168-B0A4-E6FB7FED6B07}.Debug|Any CPU.ActiveCfg = Debug|Any CPU
		{9C9FC5E4-A11C-4168-B0A4-E6FB7FED6B07}.Debug|Any CPU.Build.0 = Debug|Any CPU
		{9C9FC5E4-A11C-4168-B0A4-E6FB7FED6B07}.Release|Any CPU.ActiveCfg = Release|Any CPU
		{9C9FC5E4-A11C-4168-B0A4-E6FB7FED6B07}.Release|Any CPU.Build.0 = Release|Any CPU
		{AB6221A5-9C81-4A97-AB27-A7B4660D48E6}.Debug|Any CPU.ActiveCfg = Debug|Any CPU
		{AB6221A5-9C81-4A97-AB27-A7B4660D48E6}.Debug|Any CPU.Build.0 = Debug|Any CPU
		{AB6221A5-9C81-4A97-AB27-A7B4660D48E6}.Release|Any CPU.ActiveCfg = Release|Any CPU
		{AB6221A5-9C81-4A97-AB27-A7B4660D48E6}.Release|Any CPU.Build.0 = Release|Any CPU
		{A756D23D-718B-4261-97DF-77C3484D6743}.Debug|Any CPU.ActiveCfg = Debug|Any CPU
		{A756D23D-718B-4261-97DF-77C3484D6743}.Debug|Any CPU.Build.0 = Debug|Any CPU
		{A756D23D-718B-4261-97DF-77C3484D6743}.Release|Any CPU.ActiveCfg = Release|Any CPU
		{A756D23D-718B-4261-97DF-77C3484D6743}.Release|Any CPU.Build.0 = Release|Any CPU
	EndGlobalSection
	GlobalSection(SolutionProperties) = preSolution
		HideSolutionNode = FALSE
	EndGlobalSection
	GlobalSection(ExtensibilityGlobals) = postSolution
		SolutionGuid = {E04B5106-FC2F-42D3-B357-B10B18DF0666}
	EndGlobalSection
EndGlobal
