
Microsoft Visual Studio Solution File, Format Version 10.00
# Visual Studio 2008
Project("{FAE04EC0-301F-11D3-BF4B-00C04F79EFBC}") = "WindowsFormsApplication1", "WindowsFormsApplication1\WindowsFormsApplication1.csproj", "{C424D595-D288-4331-83E1-86054D02A55E}"
EndProject
Global
	GlobalSection(SolutionConfigurationPlatforms) = preSolution
		Debug|Any CPU = Debug|Any CPU
		Release|Any CPU = Release|Any CPU
	EndGlobalSection
	GlobalSection(ProjectConfigurationPlatforms) = postSolution
		{C424D595-D288-4331-83E1-86054D02A55E}.Debug|Any CPU.ActiveCfg = Debug|Any CPU
		{C424D595-D288-4331-83E1-86054D02A55E}.Debug|Any CPU.Build.0 = Debug|Any CPU
		{C424D595-D288-4331-83E1-86054D02A55E}.Release|Any CPU.ActiveCfg = Release|Any CPU
		{C424D595-D288-4331-83E1-86054D02A55E}.Release|Any CPU.Build.0 = Release|Any CPU
	EndGlobalSection
	GlobalSection(SolutionProperties) = preSolution
		HideSolutionNode = FALSE
	EndGlobalSection
EndGlobal
