
Microsoft Visual Studio Solution File, Format Version 12.00
# Visual Studio Version 17
VisualStudioVersion = 17.2.32616.157
MinimumVisualStudioVersion = 10.0.40219.1
Project("{9A19103F-16F7-4668-BE54-9A1E7A4F7556}") = "InheritanceExamples", "InheritanceExamples\InheritanceExamples.csproj", "{78140C48-4C57-4C54-BCE7-0B959A4EB8AE}"
EndProject
Project("{FAE04EC0-301F-11D3-BF4B-00C04F79EFBC}") = "Interfaces", "Interfaces\Interfaces.csproj", "{F490E9DA-40DF-4EE6-BDFA-E4C4C9D4F728}"
EndProject
Global
	GlobalSection(SolutionConfigurationPlatforms) = preSolution
		Debug|Any CPU = Debug|Any CPU
		Release|Any CPU = Release|Any CPU
	EndGlobalSection
	GlobalSection(ProjectConfigurationPlatforms) = postSolution
		{78140C48-4C57-4C54-BCE7-0B959A4EB8AE}.Debug|Any CPU.ActiveCfg = Debug|Any CPU
		{78140C48-4C57-4C54-BCE7-0B959A4EB8AE}.Debug|Any CPU.Build.0 = Debug|Any CPU
		{78140C48-4C57-4C54-BCE7-0B959A4EB8AE}.Release|Any CPU.ActiveCfg = Release|Any CPU
		{78140C48-4C57-4C54-BCE7-0B959A4EB8AE}.Release|Any CPU.Build.0 = Release|Any CPU
		{F490E9DA-40DF-4EE6-BDFA-E4C4C9D4F728}.Debug|Any CPU.ActiveCfg = Debug|Any CPU
		{F490E9DA-40DF-4EE6-BDFA-E4C4C9D4F728}.Debug|Any CPU.Build.0 = Debug|Any CPU
		{F490E9DA-40DF-4EE6-BDFA-E4C4C9D4F728}.Release|Any CPU.ActiveCfg = Release|Any CPU
		{F490E9DA-40DF-4EE6-BDFA-E4C4C9D4F728}.Release|Any CPU.Build.0 = Release|Any CPU
	EndGlobalSection
	GlobalSection(SolutionProperties) = preSolution
		HideSolutionNode = FALSE
	EndGlobalSection
	GlobalSection(ExtensibilityGlobals) = postSolution
		SolutionGuid = {9098C7A8-A7E7-422B-B2F1-5EEAD41B721E}
	EndGlobalSection
EndGlobal
