
Microsoft Visual Studio Solution File, Format Version 12.00
# Visual Studio Version 17
VisualStudioVersion = 17.2.32616.157
MinimumVisualStudioVersion = 10.0.40219.1
Project("{9A19103F-16F7-4668-BE54-9A1E7A4F7556}") = "GenericsExample", "GenericsExample\GenericsExample.csproj", "{0648B0D9-CF7F-4A90-928F-C59832894003}"
EndProject
Project("{9A19103F-16F7-4668-BE54-9A1E7A4F7556}") = "CollectionsExample", "CollectionsExample\CollectionsExample.csproj", "{2248168A-A29E-4176-9B52-3CB4267EDEBB}"
EndProject
Project("{FAE04EC0-301F-11D3-BF4B-00C04F79EFBC}") = "Delegates", "Delegates\Delegates.csproj", "{8B0E1692-427D-49A2-B1C6-DBD0D89F6694}"
EndProject
Global
	GlobalSection(SolutionConfigurationPlatforms) = preSolution
		Debug|Any CPU = Debug|Any CPU
		Release|Any CPU = Release|Any CPU
	EndGlobalSection
	GlobalSection(ProjectConfigurationPlatforms) = postSolution
		{0648B0D9-CF7F-4A90-928F-C59832894003}.Debug|Any CPU.ActiveCfg = Debug|Any CPU
		{0648B0D9-CF7F-4A90-928F-C59832894003}.Debug|Any CPU.Build.0 = Debug|Any CPU
		{0648B0D9-CF7F-4A90-928F-C59832894003}.Release|Any CPU.ActiveCfg = Release|Any CPU
		{0648B0D9-CF7F-4A90-928F-C59832894003}.Release|Any CPU.Build.0 = Release|Any CPU
		{2248168A-A29E-4176-9B52-3CB4267EDEBB}.Debug|Any CPU.ActiveCfg = Debug|Any CPU
		{2248168A-A29E-4176-9B52-3CB4267EDEBB}.Debug|Any CPU.Build.0 = Debug|Any CPU
		{2248168A-A29E-4176-9B52-3CB4267EDEBB}.Release|Any CPU.ActiveCfg = Release|Any CPU
		{2248168A-A29E-4176-9B52-3CB4267EDEBB}.Release|Any CPU.Build.0 = Release|Any CPU
		{8B0E1692-427D-49A2-B1C6-DBD0D89F6694}.Debug|Any CPU.ActiveCfg = Debug|Any CPU
		{8B0E1692-427D-49A2-B1C6-DBD0D89F6694}.Debug|Any CPU.Build.0 = Debug|Any CPU
		{8B0E1692-427D-49A2-B1C6-DBD0D89F6694}.Release|Any CPU.ActiveCfg = Release|Any CPU
		{8B0E1692-427D-49A2-B1C6-DBD0D89F6694}.Release|Any CPU.Build.0 = Release|Any CPU
	EndGlobalSection
	GlobalSection(SolutionProperties) = preSolution
		HideSolutionNode = FALSE
	EndGlobalSection
	GlobalSection(ExtensibilityGlobals) = postSolution
		SolutionGuid = {033ECA49-2BF4-4B74-BABE-D14F207738D7}
	EndGlobalSection
EndGlobal
