
Microsoft Visual Studio Solution File, Format Version 12.00
# Visual Studio Version 17
VisualStudioVersion = 17.2.32616.157
MinimumVisualStudioVersion = 10.0.40219.1
Project("{FAE04EC0-301F-11D3-BF4B-00C04F79EFBC}") = "ClassBasics", "ClassBasics\ClassBasics.csproj", "{D47A351B-53D5-4217-8969-0D32C7343690}"
EndProject
Global
	GlobalSection(SolutionConfigurationPlatforms) = preSolution
		Debug|Any CPU = Debug|Any CPU
		Release|Any CPU = Release|Any CPU
	EndGlobalSection
	GlobalSection(ProjectConfigurationPlatforms) = postSolution
		{D47A351B-53D5-4217-8969-0D32C7343690}.Debug|Any CPU.ActiveCfg = Debug|Any CPU
		{D47A351B-53D5-4217-8969-0D32C7343690}.Debug|Any CPU.Build.0 = Debug|Any CPU
		{D47A351B-53D5-4217-8969-0D32C7343690}.Release|Any CPU.ActiveCfg = Release|Any CPU
		{D47A351B-53D5-4217-8969-0D32C7343690}.Release|Any CPU.Build.0 = Release|Any CPU
	EndGlobalSection
	GlobalSection(SolutionProperties) = preSolution
		HideSolutionNode = FALSE
	EndGlobalSection
	GlobalSection(ExtensibilityGlobals) = postSolution
		SolutionGuid = {A9E3C258-1A4B-48B2-BC0A-65F21342E8F1}
	EndGlobalSection
EndGlobal
