
Microsoft Visual Studio Solution File, Format Version 12.00
# Visual Studio Version 17
VisualStudioVersion = 17.4.33205.214
MinimumVisualStudioVersion = 10.0.40219.1
Project("{9A19103F-16F7-4668-BE54-9A1E7A4F7556}") = "EmployeeInterface3", "EmployeeInterface3.csproj", "{30BB646E-33E0-40EC-860F-B914B36EC489}"
EndProject
Global
	GlobalSection(SolutionConfigurationPlatforms) = preSolution
		Debug|Any CPU = Debug|Any CPU
		Release|Any CPU = Release|Any CPU
	EndGlobalSection
	GlobalSection(ProjectConfigurationPlatforms) = postSolution
		{30BB646E-33E0-40EC-860F-B914B36EC489}.Debug|Any CPU.ActiveCfg = Debug|Any CPU
		{30BB646E-33E0-40EC-860F-B914B36EC489}.Debug|Any CPU.Build.0 = Debug|Any CPU
		{30BB646E-33E0-40EC-860F-B914B36EC489}.Release|Any CPU.ActiveCfg = Release|Any CPU
		{30BB646E-33E0-40EC-860F-B914B36EC489}.Release|Any CPU.Build.0 = Release|Any CPU
	EndGlobalSection
	GlobalSection(SolutionProperties) = preSolution
		HideSolutionNode = FALSE
	EndGlobalSection
	GlobalSection(ExtensibilityGlobals) = postSolution
		SolutionGuid = {A2E0F25D-448C-4F64-A1F6-CF5147C5FAF4}
	EndGlobalSection
EndGlobal
