
Microsoft Visual Studio Solution File, Format Version 12.00
# Visual Studio Version 17
VisualStudioVersion = 17.4.33205.214
MinimumVisualStudioVersion = 10.0.40219.1
Project("{FAE04EC0-301F-11D3-BF4B-00C04F79EFBC}") = "BloodDonorManagementSystem", "BloodDonorManagementSystem.csproj", "{D247C9F5-69C3-47AF-BE75-65C073A06352}"
EndProject
Global
	GlobalSection(SolutionConfigurationPlatforms) = preSolution
		Debug|Any CPU = Debug|Any CPU
		Release|Any CPU = Release|Any CPU
	EndGlobalSection
	GlobalSection(ProjectConfigurationPlatforms) = postSolution
		{D247C9F5-69C3-47AF-BE75-65C073A06352}.Debug|Any CPU.ActiveCfg = Debug|Any CPU
		{D247C9F5-69C3-47AF-BE75-65C073A06352}.Debug|Any CPU.Build.0 = Debug|Any CPU
		{D247C9F5-69C3-47AF-BE75-65C073A06352}.Release|Any CPU.ActiveCfg = Release|Any CPU
		{D247C9F5-69C3-47AF-BE75-65C073A06352}.Release|Any CPU.Build.0 = Release|Any CPU
	EndGlobalSection
	GlobalSection(SolutionProperties) = preSolution
		HideSolutionNode = FALSE
	EndGlobalSection
	GlobalSection(ExtensibilityGlobals) = postSolution
		SolutionGuid = {B0C464F5-25B6-4D92-B907-4C8CA410704A}
	EndGlobalSection
EndGlobal
